
Microsoft Visual Studio Solution File, Format Version 12.00
# Visual Studio Version 17
VisualStudioVersion = 17.6.33829.357
MinimumVisualStudioVersion = 10.0.40219.1
Project("{FAE04EC0-301F-11D3-BF4B-00C04F79EFBC}") = "ProdutosApiAula", "ProdutosApiAula\ProdutosApiAula.csproj", "{CADE9FBC-E3EC-470A-9313-2F2926C9D9F3}"
EndProject
Global
	GlobalSection(SolutionConfigurationPlatforms) = preSolution
		Debug|Any CPU = Debug|Any CPU
		Release|Any CPU = Release|Any CPU
	EndGlobalSection
	GlobalSection(ProjectConfigurationPlatforms) = postSolution
		{CADE9FBC-E3EC-470A-9313-2F2926C9D9F3}.Debug|Any CPU.ActiveCfg = Debug|Any CPU
		{CADE9FBC-E3EC-470A-9313-2F2926C9D9F3}.Debug|Any CPU.Build.0 = Debug|Any CPU
		{CADE9FBC-E3EC-470A-9313-2F2926C9D9F3}.Release|Any CPU.ActiveCfg = Release|Any CPU
		{CADE9FBC-E3EC-470A-9313-2F2926C9D9F3}.Release|Any CPU.Build.0 = Release|Any CPU
	EndGlobalSection
	GlobalSection(SolutionProperties) = preSolution
		HideSolutionNode = FALSE
	EndGlobalSection
	GlobalSection(ExtensibilityGlobals) = postSolution
		SolutionGuid = {875F084E-711A-4B07-BD16-1091812B1F1F}
	EndGlobalSection
EndGlobal
